
Microsoft Visual Studio Solution File, Format Version 12.00
# Visual Studio Version 17
VisualStudioVersion = 17.0.31903.59
MinimumVisualStudioVersion = 10.0.40219.1
Project("{2150E333-8FDC-42A3-9474-1A3956D46DE8}") = "src", "src", "{0B842894-9847-4FDB-A377-87356D555606}"
EndProject
Project("{FAE04EC0-301F-11D3-BF4B-00C04F79EFBC}") = "OpenCad2D.Geometry", "src\OpenCad2D.Geometry\OpenCad2D.Geometry.csproj", "{98CD148A-FB1F-4816-800F-D89CE92205EE}"
EndProject
Project("{FAE04EC0-301F-11D3-BF4B-00C04F79EFBC}") = "OpenCad2D.Core", "src\OpenCad2D.Core\OpenCad2D.Core.csproj", "{0F808E23-9337-4FD6-BAB3-1C6922892216}"
EndProject
Project("{2150E333-8FDC-42A3-9474-1A3956D46DE8}") = "tests", "tests", "{D71C0F44-FA6A-41E2-8B86-E0B158077B27}"
EndProject
Project("{FAE04EC0-301F-11D3-BF4B-00C04F79EFBC}") = "OpenCad2D.Geometry.Tests", "tests\OpenCad2D.Geometry.Tests\OpenCad2D.Geometry.Tests.csproj", "{6071CE4E-DB5C-4671-AE12-91FD1B10E802}"
EndProject
Project("{FAE04EC0-301F-11D3-BF4B-00C04F79EFBC}") = "OpenCad2D.Core.Tests", "tests\OpenCad2D.Core.Tests\OpenCad2D.Core.Tests.csproj", "{E27EE0BC-ECBD-4529-8767-605BE19ED258}"
EndProject
Global
	GlobalSection(SolutionConfigurationPlatforms) = preSolution
		Debug|Any CPU = Debug|Any CPU
		Release|Any CPU = Release|Any CPU
	EndGlobalSection
	GlobalSection(SolutionProperties) = preSolution
		HideSolutionNode = FALSE
	EndGlobalSection
	GlobalSection(ProjectConfigurationPlatforms) = postSolution
		{98CD148A-FB1F-4816-800F-D89CE92205EE}.Debug|Any CPU.ActiveCfg = Debug|Any CPU
		{98CD148A-FB1F-4816-800F-D89CE92205EE}.Debug|Any CPU.Build.0 = Debug|Any CPU
		{98CD148A-FB1F-4816-800F-D89CE92205EE}.Release|Any CPU.ActiveCfg = Release|Any CPU
		{98CD148A-FB1F-4816-800F-D89CE92205EE}.Release|Any CPU.Build.0 = Release|Any CPU
		{0F808E23-9337-4FD6-BAB3-1C6922892216}.Debug|Any CPU.ActiveCfg = Debug|Any CPU
		{0F808E23-9337-4FD6-BAB3-1C6922892216}.Debug|Any CPU.Build.0 = Debug|Any CPU
		{0F808E23-9337-4FD6-BAB3-1C6922892216}.Release|Any CPU.ActiveCfg = Release|Any CPU
		{0F808E23-9337-4FD6-BAB3-1C6922892216}.Release|Any CPU.Build.0 = Release|Any CPU
		{6071CE4E-DB5C-4671-AE12-91FD1B10E802}.Debug|Any CPU.ActiveCfg = Debug|Any CPU
		{6071CE4E-DB5C-4671-AE12-91FD1B10E802}.Debug|Any CPU.Build.0 = Debug|Any CPU
		{6071CE4E-DB5C-4671-AE12-91FD1B10E802}.Release|Any CPU.ActiveCfg = Release|Any CPU
		{6071CE4E-DB5C-4671-AE12-91FD1B10E802}.Release|Any CPU.Build.0 = Release|Any CPU
		{E27EE0BC-ECBD-4529-8767-605BE19ED258}.Debug|Any CPU.ActiveCfg = Debug|Any CPU
		{E27EE0BC-ECBD-4529-8767-605BE19ED258}.Debug|Any CPU.Build.0 = Debug|Any CPU
		{E27EE0BC-ECBD-4529-8767-605BE19ED258}.Release|Any CPU.ActiveCfg = Release|Any CPU
		{E27EE0BC-ECBD-4529-8767-605BE19ED258}.Release|Any CPU.Build.0 = Release|Any CPU
	EndGlobalSection
	GlobalSection(NestedProjects) = preSolution
		{98CD148A-FB1F-4816-800F-D89CE92205EE} = {0B842894-9847-4FDB-A377-87356D555606}
		{0F808E23-9337-4FD6-BAB3-1C6922892216} = {0B842894-9847-4FDB-A377-87356D555606}
		{6071CE4E-DB5C-4671-AE12-91FD1B10E802} = {D71C0F44-FA6A-41E2-8B86-E0B158077B27}
		{E27EE0BC-ECBD-4529-8767-605BE19ED258} = {D71C0F44-FA6A-41E2-8B86-E0B158077B27}
	EndGlobalSection
EndGlobal
